{
  "meteor": {},
  "dependencies": {
    "basePackages": {
      "iron-router": {
        "git": "https://github.com/EventedMind/iron-router.git",
        "branch": "dev"
      }
    },
    "packages": {
      "iron-router": {
        "git": "https://github.com/EventedMind/iron-router.git",
        "branch": "dev",
        "commit": "1f40da91742f98405f0292f6c949174ccd39347c"
      }
    }
  }
}
